{
  "version": "5",
  "specifiers": {
    "npm:marked@^15.0.12": "15.0.12"
  },
  "npm": {
    "marked@15.0.12": {
      "integrity": "sha512-8dD6FusOQSrpv9Z1rdNMdlSgQOIP880DHqnohobOmYLElGEqAL/JvxvuxZO16r4HtjTlfPRDC1hbvxC9dPN2nA==",
      "bin": true
    }
  },
  "workspace": {
    "dependencies": [
      "jsr:@hono/hono@^4.11.1",
      "jsr:@std/assert@^1.0.16",
      "npm:marked@^15.0.12"
    ]
  }
}
